{
  "object": {
    "pins": [
      {
        "package": "LayoutExtensions",
        "repositoryURL": "https://github.com/elegantchaos/LayoutExtensions.git",
        "state": {
          "branch": null,
          "revision": "83221ab90e37b3fb4a8f145f81825cbf590603da",
          "version": "1.0.3"
        }
      },
      {
        "package": "Logger",
        "repositoryURL": "git@github.com:elegantchaos/Logger.git",
        "state": {
          "branch": null,
          "revision": "98f39691fffb4ba3f7de021ad507aa872e7ae7df",
          "version": "1.4.0"
        }
      }
    ]
  },
  "version": 1
}
